// !$*UTF8*$!
{
	archiveVersion = 1;
	classes = {
	};
	objectVersion = 56;
	objects = {

/* Begin PBXBuildFile section */
		4B3502EB2B597A490095C874 /* Extension+UIColor.swift in Sources */ = {isa = PBXBuildFile; fileRef = 4B3502EA2B597A490095C874 /* Extension+UIColor.swift */; };
		4B3502EF2B597AC40095C874 /* TrackerModel.swift in Sources */ = {isa = PBXBuildFile; fileRef = 4B3502EE2B597AC40095C874 /* TrackerModel.swift */; };
		4B3502F12B597AD50095C874 /* TrackerCategoryModel.swift in Sources */ = {isa = PBXBuildFile; fileRef = 4B3502F02B597AD50095C874 /* TrackerCategoryModel.swift */; };
		4B3502F32B597AE00095C874 /* TrackerRecordModel.swift in Sources */ = {isa = PBXBuildFile; fileRef = 4B3502F22B597AE00095C874 /* TrackerRecordModel.swift */; };
		4B3502F72B597B030095C874 /* TrackerCellsView.swift in Sources */ = {isa = PBXBuildFile; fileRef = 4B3502F62B597B030095C874 /* TrackerCellsView.swift */; };
		4B3502FE2B5A54810095C874 /* TrackerHeaderView.swift in Sources */ = {isa = PBXBuildFile; fileRef = 4B3502FD2B5A54810095C874 /* TrackerHeaderView.swift */; };
		4B3503092B5AB7E40095C874 /* SelectingATrackerTypeController(delete).swift in Sources */ = {isa = PBXBuildFile; fileRef = 4B3503082B5AB7E40095C874 /* SelectingATrackerTypeController(delete).swift */; };
		4B35030B2B5BA03E0095C874 /* SchudelViewController.swift in Sources */ = {isa = PBXBuildFile; fileRef = 4B35030A2B5BA03E0095C874 /* SchudelViewController.swift */; };
		4B35030D2B5BA06B0095C874 /* ScheduleTableViewCell.swift in Sources */ = {isa = PBXBuildFile; fileRef = 4B35030C2B5BA06B0095C874 /* ScheduleTableViewCell.swift */; };
		4B35030F2B5D68640095C874 /* TabelViewCell.swift in Sources */ = {isa = PBXBuildFile; fileRef = 4B35030E2B5D68640095C874 /* TabelViewCell.swift */; };
		4B3503142B5D8B0B0095C874 /* Extension+Fonts.swift in Sources */ = {isa = PBXBuildFile; fileRef = 4B3503132B5D8B0B0095C874 /* Extension+Fonts.swift */; };
		4B3503162B5D94A10095C874 /* TrackerTypeSelectionViewController.swift in Sources */ = {isa = PBXBuildFile; fileRef = 4B3503152B5D94A10095C874 /* TrackerTypeSelectionViewController.swift */; };
		4B57472F2B74117C00C056F5 /* CategoryTableViewCell.swift in Sources */ = {isa = PBXBuildFile; fileRef = 4B57472E2B74117C00C056F5 /* CategoryTableViewCell.swift */; };
		4B5747312B74122500C056F5 /* CategoryViewController.swift in Sources */ = {isa = PBXBuildFile; fileRef = 4B5747302B74122500C056F5 /* CategoryViewController.swift */; };
		4B5747332B756D5C00C056F5 /* EditCategoriesTableViewCell.swift in Sources */ = {isa = PBXBuildFile; fileRef = 4B5747322B756D5C00C056F5 /* EditCategoriesTableViewCell.swift */; };
		4B5747352B756D7500C056F5 /* EditCategoriesViewController.swift in Sources */ = {isa = PBXBuildFile; fileRef = 4B5747342B756D7500C056F5 /* EditCategoriesViewController.swift */; };
		4B5BB9302B02B19A005EC75D /* AppDelegate.swift in Sources */ = {isa = PBXBuildFile; fileRef = 4B5BB92F2B02B19A005EC75D /* AppDelegate.swift */; };
		4B5BB9322B02B19A005EC75D /* SceneDelegate.swift in Sources */ = {isa = PBXBuildFile; fileRef = 4B5BB9312B02B19A005EC75D /* SceneDelegate.swift */; };
		4B5BB9342B02B19A005EC75D /* TrackerViewController.swift in Sources */ = {isa = PBXBuildFile; fileRef = 4B5BB9332B02B19A005EC75D /* TrackerViewController.swift */; };
		4B5BB9392B02B19B005EC75D /* Assets.xcassets in Resources */ = {isa = PBXBuildFile; fileRef = 4B5BB9382B02B19B005EC75D /* Assets.xcassets */; };
		4B5BB93C2B02B19B005EC75D /* LaunchScreen.storyboard in Resources */ = {isa = PBXBuildFile; fileRef = 4B5BB93A2B02B19B005EC75D /* LaunchScreen.storyboard */; };
		4B5BB9462B02B7A0005EC75D /* StatisticViewController.swift in Sources */ = {isa = PBXBuildFile; fileRef = 4B5BB9452B02B7A0005EC75D /* StatisticViewController.swift */; };
		4B6100402B069B7B00A333FB /* TabBarController.swift in Sources */ = {isa = PBXBuildFile; fileRef = 4B61003F2B069B7B00A333FB /* TabBarController.swift */; };
		4B6508C02B6D711F0093A221 /* ColorCollectionViewController.swift in Sources */ = {isa = PBXBuildFile; fileRef = 4B6508BF2B6D711F0093A221 /* ColorCollectionViewController.swift */; };
		4B6508C22B6D73B70093A221 /* ColorsCollectionView.swift in Sources */ = {isa = PBXBuildFile; fileRef = 4B6508C12B6D73B70093A221 /* ColorsCollectionView.swift */; };
		4B679B5F2B7163CD00E70EEC /* EmojiAndColorsHeaderView.swift in Sources */ = {isa = PBXBuildFile; fileRef = 4B679B5E2B7163CD00E70EEC /* EmojiAndColorsHeaderView.swift */; };
		4B73E6722B654E38009C20DF /* CreateTrackerViewController.swift in Sources */ = {isa = PBXBuildFile; fileRef = 4B73E6712B654E38009C20DF /* CreateTrackerViewController.swift */; };
		4B73E6742B68300B009C20DF /* EmojiCollectionView.swift in Sources */ = {isa = PBXBuildFile; fileRef = 4B73E6732B68300B009C20DF /* EmojiCollectionView.swift */; };
		4B73E6762B6834FA009C20DF /* EmojiCollectionViewController.swift in Sources */ = {isa = PBXBuildFile; fileRef = 4B73E6752B6834FA009C20DF /* EmojiCollectionViewController.swift */; };
/* End PBXBuildFile section */

/* Begin PBXFileReference section */
		4B3502EA2B597A490095C874 /* Extension+UIColor.swift */ = {isa = PBXFileReference; lastKnownFileType = sourcecode.swift; path = "Extension+UIColor.swift"; sourceTree = "<group>"; };
		4B3502EE2B597AC40095C874 /* TrackerModel.swift */ = {isa = PBXFileReference; lastKnownFileType = sourcecode.swift; path = TrackerModel.swift; sourceTree = "<group>"; };
		4B3502F02B597AD50095C874 /* TrackerCategoryModel.swift */ = {isa = PBXFileReference; lastKnownFileType = sourcecode.swift; path = TrackerCategoryModel.swift; sourceTree = "<group>"; };
		4B3502F22B597AE00095C874 /* TrackerRecordModel.swift */ = {isa = PBXFileReference; lastKnownFileType = sourcecode.swift; path = TrackerRecordModel.swift; sourceTree = "<group>"; };
		4B3502F62B597B030095C874 /* TrackerCellsView.swift */ = {isa = PBXFileReference; lastKnownFileType = sourcecode.swift; path = TrackerCellsView.swift; sourceTree = "<group>"; };
		4B3502FD2B5A54810095C874 /* TrackerHeaderView.swift */ = {isa = PBXFileReference; lastKnownFileType = sourcecode.swift; path = TrackerHeaderView.swift; sourceTree = "<group>"; };
		4B3503082B5AB7E40095C874 /* SelectingATrackerTypeController(delete).swift */ = {isa = PBXFileReference; lastKnownFileType = sourcecode.swift; path = "SelectingATrackerTypeController(delete).swift"; sourceTree = "<group>"; };
		4B35030A2B5BA03E0095C874 /* SchudelViewController.swift */ = {isa = PBXFileReference; lastKnownFileType = sourcecode.swift; path = SchudelViewController.swift; sourceTree = "<group>"; };
		4B35030C2B5BA06B0095C874 /* ScheduleTableViewCell.swift */ = {isa = PBXFileReference; lastKnownFileType = sourcecode.swift; path = ScheduleTableViewCell.swift; sourceTree = "<group>"; };
		4B35030E2B5D68640095C874 /* TabelViewCell.swift */ = {isa = PBXFileReference; lastKnownFileType = sourcecode.swift; path = TabelViewCell.swift; sourceTree = "<group>"; };
		4B3503112B5D8A7B0095C874 /* YS-Display-Bold.ttf */ = {isa = PBXFileReference; lastKnownFileType = file; path = "YS-Display-Bold.ttf"; sourceTree = "<group>"; };
		4B3503122B5D8A7C0095C874 /* YS-Display-Medium.ttf */ = {isa = PBXFileReference; lastKnownFileType = file; path = "YS-Display-Medium.ttf"; sourceTree = "<group>"; };
		4B3503132B5D8B0B0095C874 /* Extension+Fonts.swift */ = {isa = PBXFileReference; lastKnownFileType = sourcecode.swift; path = "Extension+Fonts.swift"; sourceTree = "<group>"; };
		4B3503152B5D94A10095C874 /* TrackerTypeSelectionViewController.swift */ = {isa = PBXFileReference; lastKnownFileType = sourcecode.swift; path = TrackerTypeSelectionViewController.swift; sourceTree = "<group>"; };
		4B57472E2B74117C00C056F5 /* CategoryTableViewCell.swift */ = {isa = PBXFileReference; lastKnownFileType = sourcecode.swift; path = CategoryTableViewCell.swift; sourceTree = "<group>"; };
		4B5747302B74122500C056F5 /* CategoryViewController.swift */ = {isa = PBXFileReference; lastKnownFileType = sourcecode.swift; path = CategoryViewController.swift; sourceTree = "<group>"; };
		4B5747322B756D5C00C056F5 /* EditCategoriesTableViewCell.swift */ = {isa = PBXFileReference; lastKnownFileType = sourcecode.swift; path = EditCategoriesTableViewCell.swift; sourceTree = "<group>"; };
		4B5747342B756D7500C056F5 /* EditCategoriesViewController.swift */ = {isa = PBXFileReference; lastKnownFileType = sourcecode.swift; path = EditCategoriesViewController.swift; sourceTree = "<group>"; };
		4B5BB92C2B02B19A005EC75D /* Tracker.app */ = {isa = PBXFileReference; explicitFileType = wrapper.application; includeInIndex = 0; path = Tracker.app; sourceTree = BUILT_PRODUCTS_DIR; };
		4B5BB92F2B02B19A005EC75D /* AppDelegate.swift */ = {isa = PBXFileReference; lastKnownFileType = sourcecode.swift; path = AppDelegate.swift; sourceTree = "<group>"; };
		4B5BB9312B02B19A005EC75D /* SceneDelegate.swift */ = {isa = PBXFileReference; lastKnownFileType = sourcecode.swift; path = SceneDelegate.swift; sourceTree = "<group>"; };
		4B5BB9332B02B19A005EC75D /* TrackerViewController.swift */ = {isa = PBXFileReference; lastKnownFileType = sourcecode.swift; path = TrackerViewController.swift; sourceTree = "<group>"; };
		4B5BB9382B02B19B005EC75D /* Assets.xcassets */ = {isa = PBXFileReference; lastKnownFileType = folder.assetcatalog; path = Assets.xcassets; sourceTree = "<group>"; };
		4B5BB93B2B02B19B005EC75D /* Base */ = {isa = PBXFileReference; lastKnownFileType = file.storyboard; name = Base; path = Base.lproj/LaunchScreen.storyboard; sourceTree = "<group>"; };
		4B5BB93D2B02B19B005EC75D /* Info.plist */ = {isa = PBXFileReference; lastKnownFileType = text.plist.xml; path = Info.plist; sourceTree = "<group>"; };
		4B5BB9452B02B7A0005EC75D /* StatisticViewController.swift */ = {isa = PBXFileReference; lastKnownFileType = sourcecode.swift; path = StatisticViewController.swift; sourceTree = "<group>"; };
		4B61003F2B069B7B00A333FB /* TabBarController.swift */ = {isa = PBXFileReference; lastKnownFileType = sourcecode.swift; path = TabBarController.swift; sourceTree = "<group>"; };
		4B6508BF2B6D711F0093A221 /* ColorCollectionViewController.swift */ = {isa = PBXFileReference; lastKnownFileType = sourcecode.swift; path = ColorCollectionViewController.swift; sourceTree = "<group>"; };
		4B6508C12B6D73B70093A221 /* ColorsCollectionView.swift */ = {isa = PBXFileReference; lastKnownFileType = sourcecode.swift; path = ColorsCollectionView.swift; sourceTree = "<group>"; };
		4B679B5E2B7163CD00E70EEC /* EmojiAndColorsHeaderView.swift */ = {isa = PBXFileReference; lastKnownFileType = sourcecode.swift; path = EmojiAndColorsHeaderView.swift; sourceTree = "<group>"; };
		4B73E6712B654E38009C20DF /* CreateTrackerViewController.swift */ = {isa = PBXFileReference; lastKnownFileType = sourcecode.swift; path = CreateTrackerViewController.swift; sourceTree = "<group>"; };
		4B73E6732B68300B009C20DF /* EmojiCollectionView.swift */ = {isa = PBXFileReference; lastKnownFileType = sourcecode.swift; path = EmojiCollectionView.swift; sourceTree = "<group>"; };
		4B73E6752B6834FA009C20DF /* EmojiCollectionViewController.swift */ = {isa = PBXFileReference; lastKnownFileType = sourcecode.swift; path = EmojiCollectionViewController.swift; sourceTree = "<group>"; };
/* End PBXFileReference section */

/* Begin PBXFrameworksBuildPhase section */
		4B5BB9292B02B19A005EC75D /* Frameworks */ = {
			isa = PBXFrameworksBuildPhase;
			buildActionMask = 2147483647;
			files = (
			);
			runOnlyForDeploymentPostprocessing = 0;
		};
/* End PBXFrameworksBuildPhase section */

/* Begin PBXGroup section */
		4B3502EC2B597A790095C874 /* View */ = {
			isa = PBXGroup;
			children = (
				4B5747452B75709900C056F5 /* TrackerHeader */,
				4B3502F62B597B030095C874 /* TrackerCellsView.swift */,
				4B35030E2B5D68640095C874 /* TabelViewCell.swift */,
			);
			path = View;
			sourceTree = "<group>";
		};
		4B3502ED2B597A830095C874 /* Models */ = {
			isa = PBXGroup;
			children = (
				4B3502EE2B597AC40095C874 /* TrackerModel.swift */,
				4B3502F02B597AD50095C874 /* TrackerCategoryModel.swift */,
				4B3502F22B597AE00095C874 /* TrackerRecordModel.swift */,
			);
			path = Models;
			sourceTree = "<group>";
		};
		4B3502FC2B5A46190095C874 /* Extension */ = {
			isa = PBXGroup;
			children = (
				4B3502EA2B597A490095C874 /* Extension+UIColor.swift */,
				4B3503132B5D8B0B0095C874 /* Extension+Fonts.swift */,
			);
			path = Extension;
			sourceTree = "<group>";
		};
		4B3503102B5D8A700095C874 /* Fonts */ = {
			isa = PBXGroup;
			children = (
				4B3503122B5D8A7C0095C874 /* YS-Display-Medium.ttf */,
				4B3503112B5D8A7B0095C874 /* YS-Display-Bold.ttf */,
			);
			path = Fonts;
			sourceTree = "<group>";
		};
		4B5747362B756DFF00C056F5 /* Categories */ = {
			isa = PBXGroup;
			children = (
				4B5747382B756E3400C056F5 /* Controllers */,
				4B5747372B756E2300C056F5 /* Views */,
			);
			path = Categories;
			sourceTree = "<group>";
		};
		4B5747372B756E2300C056F5 /* Views */ = {
			isa = PBXGroup;
			children = (
				4B5747322B756D5C00C056F5 /* EditCategoriesTableViewCell.swift */,
				4B57472E2B74117C00C056F5 /* CategoryTableViewCell.swift */,
			);
			path = Views;
			sourceTree = "<group>";
		};
		4B5747382B756E3400C056F5 /* Controllers */ = {
			isa = PBXGroup;
			children = (
				4B5747342B756D7500C056F5 /* EditCategoriesViewController.swift */,
				4B5747302B74122500C056F5 /* CategoryViewController.swift */,
			);
			path = Controllers;
			sourceTree = "<group>";
		};
		4B5747392B756E6000C056F5 /* SystemSetup */ = {
			isa = PBXGroup;
			children = (
				4B5BB92F2B02B19A005EC75D /* AppDelegate.swift */,
				4B5BB9312B02B19A005EC75D /* SceneDelegate.swift */,
				4B61003F2B069B7B00A333FB /* TabBarController.swift */,
			);
			path = SystemSetup;
			sourceTree = "<group>";
		};
		4B57473A2B756E9000C056F5 /* TrackerCreate */ = {
			isa = PBXGroup;
			children = (
				4B5747402B756F6D00C056F5 /* EmojiAndCollorsCollection */,
				4B57473B2B756ECC00C056F5 /* Schedule */,
				4B3502EC2B597A790095C874 /* View */,
				4B6100412B069B8500A333FB /* Controllers */,
			);
			path = TrackerCreate;
			sourceTree = "<group>";
		};
		4B57473B2B756ECC00C056F5 /* Schedule */ = {
			isa = PBXGroup;
			children = (
				4B35030C2B5BA06B0095C874 /* ScheduleTableViewCell.swift */,
				4B35030A2B5BA03E0095C874 /* SchudelViewController.swift */,
			);
			path = Schedule;
			sourceTree = "<group>";
		};
		4B57473E2B756F0100C056F5 /* Statistic */ = {
			isa = PBXGroup;
			children = (
				4B57473F2B756F0A00C056F5 /* Controller */,
			);
			path = Statistic;
			sourceTree = "<group>";
		};
		4B57473F2B756F0A00C056F5 /* Controller */ = {
			isa = PBXGroup;
			children = (
				4B5BB9452B02B7A0005EC75D /* StatisticViewController.swift */,
			);
			path = Controller;
			sourceTree = "<group>";
		};
		4B5747402B756F6D00C056F5 /* EmojiAndCollorsCollection */ = {
			isa = PBXGroup;
			children = (
				4B5747442B756FED00C056F5 /* EmojiAndColorsHeader */,
				4B5747422B756FCE00C056F5 /* View */,
				4B5747432B756FDF00C056F5 /* Controllers */,
			);
			path = EmojiAndCollorsCollection;
			sourceTree = "<group>";
		};
		4B5747422B756FCE00C056F5 /* View */ = {
			isa = PBXGroup;
			children = (
				4B73E6732B68300B009C20DF /* EmojiCollectionView.swift */,
				4B6508C12B6D73B70093A221 /* ColorsCollectionView.swift */,
			);
			path = View;
			sourceTree = "<group>";
		};
		4B5747432B756FDF00C056F5 /* Controllers */ = {
			isa = PBXGroup;
			children = (
				4B73E6752B6834FA009C20DF /* EmojiCollectionViewController.swift */,
				4B6508BF2B6D711F0093A221 /* ColorCollectionViewController.swift */,
			);
			path = Controllers;
			sourceTree = "<group>";
		};
		4B5747442B756FED00C056F5 /* EmojiAndColorsHeader */ = {
			isa = PBXGroup;
			children = (
				4B679B5E2B7163CD00E70EEC /* EmojiAndColorsHeaderView.swift */,
			);
			path = EmojiAndColorsHeader;
			sourceTree = "<group>";
		};
		4B5747452B75709900C056F5 /* TrackerHeader */ = {
			isa = PBXGroup;
			children = (
				4B3502FD2B5A54810095C874 /* TrackerHeaderView.swift */,
			);
			path = TrackerHeader;
			sourceTree = "<group>";
		};
		4B5BB9232B02B19A005EC75D = {
			isa = PBXGroup;
			children = (
				4B5BB92E2B02B19A005EC75D /* Tracker */,
				4B5BB92D2B02B19A005EC75D /* Products */,
			);
			sourceTree = "<group>";
		};
		4B5BB92D2B02B19A005EC75D /* Products */ = {
			isa = PBXGroup;
			children = (
				4B5BB92C2B02B19A005EC75D /* Tracker.app */,
			);
			name = Products;
			sourceTree = "<group>";
		};
		4B5BB92E2B02B19A005EC75D /* Tracker */ = {
			isa = PBXGroup;
			children = (
				4B5747392B756E6000C056F5 /* SystemSetup */,
				4B3502ED2B597A830095C874 /* Models */,
				4B57473A2B756E9000C056F5 /* TrackerCreate */,
				4B5747362B756DFF00C056F5 /* Categories */,
				4B57473E2B756F0100C056F5 /* Statistic */,
				4B3502FC2B5A46190095C874 /* Extension */,
				4B5BB9382B02B19B005EC75D /* Assets.xcassets */,
				4B5BB93A2B02B19B005EC75D /* LaunchScreen.storyboard */,
				4B5BB93D2B02B19B005EC75D /* Info.plist */,
				4B3503102B5D8A700095C874 /* Fonts */,
			);
			path = Tracker;
			sourceTree = "<group>";
		};
		4B6100412B069B8500A333FB /* Controllers */ = {
			isa = PBXGroup;
			children = (
				4B5BB9332B02B19A005EC75D /* TrackerViewController.swift */,
				4B3503152B5D94A10095C874 /* TrackerTypeSelectionViewController.swift */,
				4B3503082B5AB7E40095C874 /* SelectingATrackerTypeController(delete).swift */,
				4B73E6712B654E38009C20DF /* CreateTrackerViewController.swift */,
			);
			path = Controllers;
			sourceTree = "<group>";
		};
/* End PBXGroup section */

/* Begin PBXNativeTarget section */
		4B5BB92B2B02B19A005EC75D /* Tracker */ = {
			isa = PBXNativeTarget;
			buildConfigurationList = 4B5BB9402B02B19B005EC75D /* Build configuration list for PBXNativeTarget "Tracker" */;
			buildPhases = (
				4B5BB9282B02B19A005EC75D /* Sources */,
				4B5BB9292B02B19A005EC75D /* Frameworks */,
				4B5BB92A2B02B19A005EC75D /* Resources */,
			);
			buildRules = (
			);
			dependencies = (
			);
			name = Tracker;
			productName = Tracker;
			productReference = 4B5BB92C2B02B19A005EC75D /* Tracker.app */;
			productType = "com.apple.product-type.application";
		};
/* End PBXNativeTarget section */

/* Begin PBXProject section */
		4B5BB9242B02B19A005EC75D /* Project object */ = {
			isa = PBXProject;
			attributes = {
				BuildIndependentTargetsInParallel = 1;
				LastSwiftUpdateCheck = 1420;
				LastUpgradeCheck = 1420;
				TargetAttributes = {
					4B5BB92B2B02B19A005EC75D = {
						CreatedOnToolsVersion = 14.2;
					};
				};
			};
			buildConfigurationList = 4B5BB9272B02B19A005EC75D /* Build configuration list for PBXProject "Tracker" */;
			compatibilityVersion = "Xcode 14.0";
			developmentRegion = en;
			hasScannedForEncodings = 0;
			knownRegions = (
				en,
				Base,
			);
			mainGroup = 4B5BB9232B02B19A005EC75D;
			productRefGroup = 4B5BB92D2B02B19A005EC75D /* Products */;
			projectDirPath = "";
			projectRoot = "";
			targets = (
				4B5BB92B2B02B19A005EC75D /* Tracker */,
			);
		};
/* End PBXProject section */

/* Begin PBXResourcesBuildPhase section */
		4B5BB92A2B02B19A005EC75D /* Resources */ = {
			isa = PBXResourcesBuildPhase;
			buildActionMask = 2147483647;
			files = (
				4B5BB93C2B02B19B005EC75D /* LaunchScreen.storyboard in Resources */,
				4B5BB9392B02B19B005EC75D /* Assets.xcassets in Resources */,
			);
			runOnlyForDeploymentPostprocessing = 0;
		};
/* End PBXResourcesBuildPhase section */

/* Begin PBXSourcesBuildPhase section */
		4B5BB9282B02B19A005EC75D /* Sources */ = {
			isa = PBXSourcesBuildPhase;
			buildActionMask = 2147483647;
			files = (
				4B3502F12B597AD50095C874 /* TrackerCategoryModel.swift in Sources */,
				4B5BB9342B02B19A005EC75D /* TrackerViewController.swift in Sources */,
				4B3503142B5D8B0B0095C874 /* Extension+Fonts.swift in Sources */,
				4B3502EB2B597A490095C874 /* Extension+UIColor.swift in Sources */,
				4B679B5F2B7163CD00E70EEC /* EmojiAndColorsHeaderView.swift in Sources */,
				4B5747332B756D5C00C056F5 /* EditCategoriesTableViewCell.swift in Sources */,
				4B5BB9302B02B19A005EC75D /* AppDelegate.swift in Sources */,
				4B35030B2B5BA03E0095C874 /* SchudelViewController.swift in Sources */,
				4B73E6742B68300B009C20DF /* EmojiCollectionView.swift in Sources */,
				4B3502F32B597AE00095C874 /* TrackerRecordModel.swift in Sources */,
				4B35030F2B5D68640095C874 /* TabelViewCell.swift in Sources */,
				4B3503092B5AB7E40095C874 /* SelectingATrackerTypeController(delete).swift in Sources */,
				4B6508C02B6D711F0093A221 /* ColorCollectionViewController.swift in Sources */,
				4B6508C22B6D73B70093A221 /* ColorsCollectionView.swift in Sources */,
				4B5BB9322B02B19A005EC75D /* SceneDelegate.swift in Sources */,
				4B6100402B069B7B00A333FB /* TabBarController.swift in Sources */,
				4B3503162B5D94A10095C874 /* TrackerTypeSelectionViewController.swift in Sources */,
				4B3502F72B597B030095C874 /* TrackerCellsView.swift in Sources */,
				4B35030D2B5BA06B0095C874 /* ScheduleTableViewCell.swift in Sources */,
				4B5BB9462B02B7A0005EC75D /* StatisticViewController.swift in Sources */,
				4B5747352B756D7500C056F5 /* EditCategoriesViewController.swift in Sources */,
				4B3502EF2B597AC40095C874 /* TrackerModel.swift in Sources */,
				4B5747312B74122500C056F5 /* CategoryViewController.swift in Sources */,
				4B73E6762B6834FA009C20DF /* EmojiCollectionViewController.swift in Sources */,
				4B3502FE2B5A54810095C874 /* TrackerHeaderView.swift in Sources */,
				4B73E6722B654E38009C20DF /* CreateTrackerViewController.swift in Sources */,
				4B57472F2B74117C00C056F5 /* CategoryTableViewCell.swift in Sources */,
			);
			runOnlyForDeploymentPostprocessing = 0;
		};
/* End PBXSourcesBuildPhase section */

/* Begin PBXVariantGroup section */
		4B5BB93A2B02B19B005EC75D /* LaunchScreen.storyboard */ = {
			isa = PBXVariantGroup;
			children = (
				4B5BB93B2B02B19B005EC75D /* Base */,
			);
			name = LaunchScreen.storyboard;
			sourceTree = "<group>";
		};
/* End PBXVariantGroup section */

/* Begin XCBuildConfiguration section */
		4B5BB93E2B02B19B005EC75D /* Debug */ = {
			isa = XCBuildConfiguration;
			buildSettings = {
				ALWAYS_SEARCH_USER_PATHS = NO;
				CLANG_ANALYZER_NONNULL = YES;
				CLANG_ANALYZER_NUMBER_OBJECT_CONVERSION = YES_AGGRESSIVE;
				CLANG_CXX_LANGUAGE_STANDARD = "gnu++20";
				CLANG_ENABLE_MODULES = YES;
				CLANG_ENABLE_OBJC_ARC = YES;
				CLANG_ENABLE_OBJC_WEAK = YES;
				CLANG_WARN_BLOCK_CAPTURE_AUTORELEASING = YES;
				CLANG_WARN_BOOL_CONVERSION = YES;
				CLANG_WARN_COMMA = YES;
				CLANG_WARN_CONSTANT_CONVERSION = YES;
				CLANG_WARN_DEPRECATED_OBJC_IMPLEMENTATIONS = YES;
				CLANG_WARN_DIRECT_OBJC_ISA_USAGE = YES_ERROR;
				CLANG_WARN_DOCUMENTATION_COMMENTS = YES;
				CLANG_WARN_EMPTY_BODY = YES;
				CLANG_WARN_ENUM_CONVERSION = YES;
				CLANG_WARN_INFINITE_RECURSION = YES;
				CLANG_WARN_INT_CONVERSION = YES;
				CLANG_WARN_NON_LITERAL_NULL_CONVERSION = YES;
				CLANG_WARN_OBJC_IMPLICIT_RETAIN_SELF = YES;
				CLANG_WARN_OBJC_LITERAL_CONVERSION = YES;
				CLANG_WARN_OBJC_ROOT_CLASS = YES_ERROR;
				CLANG_WARN_QUOTED_INCLUDE_IN_FRAMEWORK_HEADER = YES;
				CLANG_WARN_RANGE_LOOP_ANALYSIS = YES;
				CLANG_WARN_STRICT_PROTOTYPES = YES;
				CLANG_WARN_SUSPICIOUS_MOVE = YES;
				CLANG_WARN_UNGUARDED_AVAILABILITY = YES_AGGRESSIVE;
				CLANG_WARN_UNREACHABLE_CODE = YES;
				CLANG_WARN__DUPLICATE_METHOD_MATCH = YES;
				COPY_PHASE_STRIP = NO;
				DEBUG_INFORMATION_FORMAT = dwarf;
				ENABLE_STRICT_OBJC_MSGSEND = YES;
				ENABLE_TESTABILITY = YES;
				GCC_C_LANGUAGE_STANDARD = gnu11;
				GCC_DYNAMIC_NO_PIC = NO;
				GCC_NO_COMMON_BLOCKS = YES;
				GCC_OPTIMIZATION_LEVEL = 0;
				GCC_PREPROCESSOR_DEFINITIONS = (
					"DEBUG=1",
					"$(inherited)",
				);
				GCC_WARN_64_TO_32_BIT_CONVERSION = YES;
				GCC_WARN_ABOUT_RETURN_TYPE = YES_ERROR;
				GCC_WARN_UNDECLARED_SELECTOR = YES;
				GCC_WARN_UNINITIALIZED_AUTOS = YES_AGGRESSIVE;
				GCC_WARN_UNUSED_FUNCTION = YES;
				GCC_WARN_UNUSED_VARIABLE = YES;
				IPHONEOS_DEPLOYMENT_TARGET = 16.2;
				MTL_ENABLE_DEBUG_INFO = INCLUDE_SOURCE;
				MTL_FAST_MATH = YES;
				ONLY_ACTIVE_ARCH = YES;
				SDKROOT = iphoneos;
				SWIFT_ACTIVE_COMPILATION_CONDITIONS = DEBUG;
				SWIFT_OPTIMIZATION_LEVEL = "-Onone";
			};
			name = Debug;
		};
		4B5BB93F2B02B19B005EC75D /* Release */ = {
			isa = XCBuildConfiguration;
			buildSettings = {
				ALWAYS_SEARCH_USER_PATHS = NO;
				CLANG_ANALYZER_NONNULL = YES;
				CLANG_ANALYZER_NUMBER_OBJECT_CONVERSION = YES_AGGRESSIVE;
				CLANG_CXX_LANGUAGE_STANDARD = "gnu++20";
				CLANG_ENABLE_MODULES = YES;
				CLANG_ENABLE_OBJC_ARC = YES;
				CLANG_ENABLE_OBJC_WEAK = YES;
				CLANG_WARN_BLOCK_CAPTURE_AUTORELEASING = YES;
				CLANG_WARN_BOOL_CONVERSION = YES;
				CLANG_WARN_COMMA = YES;
				CLANG_WARN_CONSTANT_CONVERSION = YES;
				CLANG_WARN_DEPRECATED_OBJC_IMPLEMENTATIONS = YES;
				CLANG_WARN_DIRECT_OBJC_ISA_USAGE = YES_ERROR;
				CLANG_WARN_DOCUMENTATION_COMMENTS = YES;
				CLANG_WARN_EMPTY_BODY = YES;
				CLANG_WARN_ENUM_CONVERSION = YES;
				CLANG_WARN_INFINITE_RECURSION = YES;
				CLANG_WARN_INT_CONVERSION = YES;
				CLANG_WARN_NON_LITERAL_NULL_CONVERSION = YES;
				CLANG_WARN_OBJC_IMPLICIT_RETAIN_SELF = YES;
				CLANG_WARN_OBJC_LITERAL_CONVERSION = YES;
				CLANG_WARN_OBJC_ROOT_CLASS = YES_ERROR;
				CLANG_WARN_QUOTED_INCLUDE_IN_FRAMEWORK_HEADER = YES;
				CLANG_WARN_RANGE_LOOP_ANALYSIS = YES;
				CLANG_WARN_STRICT_PROTOTYPES = YES;
				CLANG_WARN_SUSPICIOUS_MOVE = YES;
				CLANG_WARN_UNGUARDED_AVAILABILITY = YES_AGGRESSIVE;
				CLANG_WARN_UNREACHABLE_CODE = YES;
				CLANG_WARN__DUPLICATE_METHOD_MATCH = YES;
				COPY_PHASE_STRIP = NO;
				DEBUG_INFORMATION_FORMAT = "dwarf-with-dsym";
				ENABLE_NS_ASSERTIONS = NO;
				ENABLE_STRICT_OBJC_MSGSEND = YES;
				GCC_C_LANGUAGE_STANDARD = gnu11;
				GCC_NO_COMMON_BLOCKS = YES;
				GCC_WARN_64_TO_32_BIT_CONVERSION = YES;
				GCC_WARN_ABOUT_RETURN_TYPE = YES_ERROR;
				GCC_WARN_UNDECLARED_SELECTOR = YES;
				GCC_WARN_UNINITIALIZED_AUTOS = YES_AGGRESSIVE;
				GCC_WARN_UNUSED_FUNCTION = YES;
				GCC_WARN_UNUSED_VARIABLE = YES;
				IPHONEOS_DEPLOYMENT_TARGET = 16.2;
				MTL_ENABLE_DEBUG_INFO = NO;
				MTL_FAST_MATH = YES;
				SDKROOT = iphoneos;
				SWIFT_COMPILATION_MODE = wholemodule;
				SWIFT_OPTIMIZATION_LEVEL = "-O";
				VALIDATE_PRODUCT = YES;
			};
			name = Release;
		};
		4B5BB9412B02B19B005EC75D /* Debug */ = {
			isa = XCBuildConfiguration;
			buildSettings = {
				ASSETCATALOG_COMPILER_APPICON_NAME = AppIcon;
				ASSETCATALOG_COMPILER_GLOBAL_ACCENT_COLOR_NAME = AccentColor;
				CODE_SIGN_STYLE = Automatic;
				CURRENT_PROJECT_VERSION = 1;
				DEVELOPMENT_TEAM = 5C234QJ768;
				GENERATE_INFOPLIST_FILE = YES;
				INFOPLIST_FILE = Tracker/Info.plist;
				INFOPLIST_KEY_UIApplicationSupportsIndirectInputEvents = YES;
				INFOPLIST_KEY_UILaunchStoryboardName = LaunchScreen;
				INFOPLIST_KEY_UISupportedInterfaceOrientations = UIInterfaceOrientationPortrait;
				INFOPLIST_KEY_UISupportedInterfaceOrientations_iPad = "UIInterfaceOrientationLandscapeLeft UIInterfaceOrientationLandscapeRight UIInterfaceOrientationPortrait UIInterfaceOrientationPortraitUpsideDown";
				IPHONEOS_DEPLOYMENT_TARGET = 13.4;
				LD_RUNPATH_SEARCH_PATHS = (
					"$(inherited)",
					"@executable_path/Frameworks",
				);
				MARKETING_VERSION = 1.0;
				PRODUCT_BUNDLE_IDENTIFIER = ru.maksimbelov.Tracker;
				PRODUCT_NAME = "$(TARGET_NAME)";
				SWIFT_EMIT_LOC_STRINGS = YES;
				SWIFT_VERSION = 5.0;
				TARGETED_DEVICE_FAMILY = "1,2";
			};
			name = Debug;
		};
		4B5BB9422B02B19B005EC75D /* Release */ = {
			isa = XCBuildConfiguration;
			buildSettings = {
				ASSETCATALOG_COMPILER_APPICON_NAME = AppIcon;
				ASSETCATALOG_COMPILER_GLOBAL_ACCENT_COLOR_NAME = AccentColor;
				CODE_SIGN_STYLE = Automatic;
				CURRENT_PROJECT_VERSION = 1;
				DEVELOPMENT_TEAM = 5C234QJ768;
				GENERATE_INFOPLIST_FILE = YES;
				INFOPLIST_FILE = Tracker/Info.plist;
				INFOPLIST_KEY_UIApplicationSupportsIndirectInputEvents = YES;
				INFOPLIST_KEY_UILaunchStoryboardName = LaunchScreen;
				INFOPLIST_KEY_UISupportedInterfaceOrientations = UIInterfaceOrientationPortrait;
				INFOPLIST_KEY_UISupportedInterfaceOrientations_iPad = "UIInterfaceOrientationLandscapeLeft UIInterfaceOrientationLandscapeRight UIInterfaceOrientationPortrait UIInterfaceOrientationPortraitUpsideDown";
				IPHONEOS_DEPLOYMENT_TARGET = 13.4;
				LD_RUNPATH_SEARCH_PATHS = (
					"$(inherited)",
					"@executable_path/Frameworks",
				);
				MARKETING_VERSION = 1.0;
				PRODUCT_BUNDLE_IDENTIFIER = ru.maksimbelov.Tracker;
				PRODUCT_NAME = "$(TARGET_NAME)";
				SWIFT_EMIT_LOC_STRINGS = YES;
				SWIFT_VERSION = 5.0;
				TARGETED_DEVICE_FAMILY = "1,2";
			};
			name = Release;
		};
/* End XCBuildConfiguration section */

/* Begin XCConfigurationList section */
		4B5BB9272B02B19A005EC75D /* Build configuration list for PBXProject "Tracker" */ = {
			isa = XCConfigurationList;
			buildConfigurations = (
				4B5BB93E2B02B19B005EC75D /* Debug */,
				4B5BB93F2B02B19B005EC75D /* Release */,
			);
			defaultConfigurationIsVisible = 0;
			defaultConfigurationName = Release;
		};
		4B5BB9402B02B19B005EC75D /* Build configuration list for PBXNativeTarget "Tracker" */ = {
			isa = XCConfigurationList;
			buildConfigurations = (
				4B5BB9412B02B19B005EC75D /* Debug */,
				4B5BB9422B02B19B005EC75D /* Release */,
			);
			defaultConfigurationIsVisible = 0;
			defaultConfigurationName = Release;
		};
/* End XCConfigurationList section */
	};
	rootObject = 4B5BB9242B02B19A005EC75D /* Project object */;
}
